
Microsoft Visual Studio Solution File, Format Version 12.00
# Visual Studio Version 16
VisualStudioVersion = 16.0.29209.62
MinimumVisualStudioVersion = 10.0.40219.1
Project("{FAE04EC0-301F-11D3-BF4B-00C04F79EFBC}") = "OdeToFood", "OdeToFood\OdeToFood.csproj", "{4FE9855D-D39D-4DC2-AA98-D98E75B98BBE}"
EndProject
Project("{9A19103F-16F7-4668-BE54-9A1E7A4F7556}") = "OdeToFood.Core", "OdeToFood.Core\OdeToFood.Core.csproj", "{B0D8D59D-DBD8-4A49-9768-9E677B271CDD}"
EndProject
Project("{FAE04EC0-301F-11D3-BF4B-00C04F79EFBC}") = "OdeToFood.Data", "OdeToFood.Data\OdeToFood.Data.csproj", "{D8DA4B67-D65C-44A5-A6E5-C82195DEF907}"
EndProject
Global
	GlobalSection(SolutionConfigurationPlatforms) = preSolution
		Debug|Any CPU = Debug|Any CPU
		Release|Any CPU = Release|Any CPU
	EndGlobalSection
	GlobalSection(ProjectConfigurationPlatforms) = postSolution
		{4FE9855D-D39D-4DC2-AA98-D98E75B98BBE}.Debug|Any CPU.ActiveCfg = Debug|Any CPU
		{4FE9855D-D39D-4DC2-AA98-D98E75B98BBE}.Debug|Any CPU.Build.0 = Debug|Any CPU
		{4FE9855D-D39D-4DC2-AA98-D98E75B98BBE}.Release|Any CPU.ActiveCfg = Release|Any CPU
		{4FE9855D-D39D-4DC2-AA98-D98E75B98BBE}.Release|Any CPU.Build.0 = Release|Any CPU
		{B0D8D59D-DBD8-4A49-9768-9E677B271CDD}.Debug|Any CPU.ActiveCfg = Debug|Any CPU
		{B0D8D59D-DBD8-4A49-9768-9E677B271CDD}.Debug|Any CPU.Build.0 = Debug|Any CPU
		{B0D8D59D-DBD8-4A49-9768-9E677B271CDD}.Release|Any CPU.ActiveCfg = Release|Any CPU
		{B0D8D59D-DBD8-4A49-9768-9E677B271CDD}.Release|Any CPU.Build.0 = Release|Any CPU
		{D8DA4B67-D65C-44A5-A6E5-C82195DEF907}.Debug|Any CPU.ActiveCfg = Debug|Any CPU
		{D8DA4B67-D65C-44A5-A6E5-C82195DEF907}.Debug|Any CPU.Build.0 = Debug|Any CPU
		{D8DA4B67-D65C-44A5-A6E5-C82195DEF907}.Release|Any CPU.ActiveCfg = Release|Any CPU
		{D8DA4B67-D65C-44A5-A6E5-C82195DEF907}.Release|Any CPU.Build.0 = Release|Any CPU
	EndGlobalSection
	GlobalSection(SolutionProperties) = preSolution
		HideSolutionNode = FALSE
	EndGlobalSection
	GlobalSection(ExtensibilityGlobals) = postSolution
		SolutionGuid = {0D2464EA-4A88-4566-9351-4CF1AE2F9FEA}
	EndGlobalSection
EndGlobal
